
Microsoft Visual Studio Solution File, Format Version 12.00
# Visual Studio Version 17
VisualStudioVersion = 17.10.34818.151
MinimumVisualStudioVersion = 10.0.40219.1
Project("{FAE04EC0-301F-11D3-BF4B-00C04F79EFBC}") = "DatePicker.Android", "DatePicker\DatePicker.Android\DatePicker.Android.csproj", "{541345C5-7DCB-4E60-B950-84C34D644A07}"
EndProject
Project("{FAE04EC0-301F-11D3-BF4B-00C04F79EFBC}") = "DatePicker.iOS", "DatePicker\DatePicker.iOS\DatePicker.iOS.csproj", "{253375DE-D77D-4A50-A243-5CB7B936DB63}"
EndProject
Project("{FAE04EC0-301F-11D3-BF4B-00C04F79EFBC}") = "DatePicker", "DatePicker\DatePicker\DatePicker.csproj", "{30E46345-5E7F-4D84-A560-F70D50E35BB2}"
EndProject
Global
	GlobalSection(SolutionConfigurationPlatforms) = preSolution
		Debug|Any CPU = Debug|Any CPU
		Debug|iPhone = Debug|iPhone
		Debug|iPhoneSimulator = Debug|iPhoneSimulator
		Release|Any CPU = Release|Any CPU
		Release|iPhone = Release|iPhone
		Release|iPhoneSimulator = Release|iPhoneSimulator
	EndGlobalSection
	GlobalSection(ProjectConfigurationPlatforms) = postSolution
		{541345C5-7DCB-4E60-B950-84C34D644A07}.Debug|Any CPU.ActiveCfg = Debug|Any CPU
		{541345C5-7DCB-4E60-B950-84C34D644A07}.Debug|Any CPU.Build.0 = Debug|Any CPU
		{541345C5-7DCB-4E60-B950-84C34D644A07}.Debug|Any CPU.Deploy.0 = Debug|Any CPU
		{541345C5-7DCB-4E60-B950-84C34D644A07}.Debug|iPhone.ActiveCfg = Debug|Any CPU
		{541345C5-7DCB-4E60-B950-84C34D644A07}.Debug|iPhone.Build.0 = Debug|Any CPU
		{541345C5-7DCB-4E60-B950-84C34D644A07}.Debug|iPhone.Deploy.0 = Debug|Any CPU
		{541345C5-7DCB-4E60-B950-84C34D644A07}.Debug|iPhoneSimulator.ActiveCfg = Debug|Any CPU
		{541345C5-7DCB-4E60-B950-84C34D644A07}.Debug|iPhoneSimulator.Build.0 = Debug|Any CPU
		{541345C5-7DCB-4E60-B950-84C34D644A07}.Debug|iPhoneSimulator.Deploy.0 = Debug|Any CPU
		{541345C5-7DCB-4E60-B950-84C34D644A07}.Release|Any CPU.ActiveCfg = Release|Any CPU
		{541345C5-7DCB-4E60-B950-84C34D644A07}.Release|Any CPU.Build.0 = Release|Any CPU
		{541345C5-7DCB-4E60-B950-84C34D644A07}.Release|Any CPU.Deploy.0 = Release|Any CPU
		{541345C5-7DCB-4E60-B950-84C34D644A07}.Release|iPhone.ActiveCfg = Release|Any CPU
		{541345C5-7DCB-4E60-B950-84C34D644A07}.Release|iPhone.Build.0 = Release|Any CPU
		{541345C5-7DCB-4E60-B950-84C34D644A07}.Release|iPhone.Deploy.0 = Release|Any CPU
		{541345C5-7DCB-4E60-B950-84C34D644A07}.Release|iPhoneSimulator.ActiveCfg = Release|Any CPU
		{541345C5-7DCB-4E60-B950-84C34D644A07}.Release|iPhoneSimulator.Build.0 = Release|Any CPU
		{541345C5-7DCB-4E60-B950-84C34D644A07}.Release|iPhoneSimulator.Deploy.0 = Release|Any CPU
		{253375DE-D77D-4A50-A243-5CB7B936DB63}.Debug|Any CPU.ActiveCfg = Debug|iPhone
		{253375DE-D77D-4A50-A243-5CB7B936DB63}.Debug|Any CPU.Build.0 = Debug|iPhone
		{253375DE-D77D-4A50-A243-5CB7B936DB63}.Debug|Any CPU.Deploy.0 = Debug|iPhone
		{253375DE-D77D-4A50-A243-5CB7B936DB63}.Debug|iPhone.ActiveCfg = Debug|iPhone
		{253375DE-D77D-4A50-A243-5CB7B936DB63}.Debug|iPhone.Build.0 = Debug|iPhone
		{253375DE-D77D-4A50-A243-5CB7B936DB63}.Debug|iPhone.Deploy.0 = Debug|iPhone
		{253375DE-D77D-4A50-A243-5CB7B936DB63}.Debug|iPhoneSimulator.ActiveCfg = Debug|iPhoneSimulator
		{253375DE-D77D-4A50-A243-5CB7B936DB63}.Debug|iPhoneSimulator.Build.0 = Debug|iPhoneSimulator
		{253375DE-D77D-4A50-A243-5CB7B936DB63}.Debug|iPhoneSimulator.Deploy.0 = Debug|iPhoneSimulator
		{253375DE-D77D-4A50-A243-5CB7B936DB63}.Release|Any CPU.ActiveCfg = Release|iPhoneSimulator
		{253375DE-D77D-4A50-A243-5CB7B936DB63}.Release|Any CPU.Build.0 = Release|iPhoneSimulator
		{253375DE-D77D-4A50-A243-5CB7B936DB63}.Release|Any CPU.Deploy.0 = Release|iPhoneSimulator
		{253375DE-D77D-4A50-A243-5CB7B936DB63}.Release|iPhone.ActiveCfg = Release|iPhone
		{253375DE-D77D-4A50-A243-5CB7B936DB63}.Release|iPhone.Build.0 = Release|iPhone
		{253375DE-D77D-4A50-A243-5CB7B936DB63}.Release|iPhone.Deploy.0 = Release|iPhone
		{253375DE-D77D-4A50-A243-5CB7B936DB63}.Release|iPhoneSimulator.ActiveCfg = Release|iPhoneSimulator
		{253375DE-D77D-4A50-A243-5CB7B936DB63}.Release|iPhoneSimulator.Build.0 = Release|iPhoneSimulator
		{253375DE-D77D-4A50-A243-5CB7B936DB63}.Release|iPhoneSimulator.Deploy.0 = Release|iPhoneSimulator
		{30E46345-5E7F-4D84-A560-F70D50E35BB2}.Debug|Any CPU.ActiveCfg = Debug|Any CPU
		{30E46345-5E7F-4D84-A560-F70D50E35BB2}.Debug|Any CPU.Build.0 = Debug|Any CPU
		{30E46345-5E7F-4D84-A560-F70D50E35BB2}.Debug|Any CPU.Deploy.0 = Debug|Any CPU
		{30E46345-5E7F-4D84-A560-F70D50E35BB2}.Debug|iPhone.ActiveCfg = Debug|Any CPU
		{30E46345-5E7F-4D84-A560-F70D50E35BB2}.Debug|iPhone.Build.0 = Debug|Any CPU
		{30E46345-5E7F-4D84-A560-F70D50E35BB2}.Debug|iPhone.Deploy.0 = Debug|Any CPU
		{30E46345-5E7F-4D84-A560-F70D50E35BB2}.Debug|iPhoneSimulator.ActiveCfg = Debug|Any CPU
		{30E46345-5E7F-4D84-A560-F70D50E35BB2}.Debug|iPhoneSimulator.Build.0 = Debug|Any CPU
		{30E46345-5E7F-4D84-A560-F70D50E35BB2}.Debug|iPhoneSimulator.Deploy.0 = Debug|Any CPU
		{30E46345-5E7F-4D84-A560-F70D50E35BB2}.Release|Any CPU.ActiveCfg = Release|Any CPU
		{30E46345-5E7F-4D84-A560-F70D50E35BB2}.Release|Any CPU.Build.0 = Release|Any CPU
		{30E46345-5E7F-4D84-A560-F70D50E35BB2}.Release|Any CPU.Deploy.0 = Release|Any CPU
		{30E46345-5E7F-4D84-A560-F70D50E35BB2}.Release|iPhone.ActiveCfg = Release|Any CPU
		{30E46345-5E7F-4D84-A560-F70D50E35BB2}.Release|iPhone.Build.0 = Release|Any CPU
		{30E46345-5E7F-4D84-A560-F70D50E35BB2}.Release|iPhone.Deploy.0 = Release|Any CPU
		{30E46345-5E7F-4D84-A560-F70D50E35BB2}.Release|iPhoneSimulator.ActiveCfg = Release|Any CPU
		{30E46345-5E7F-4D84-A560-F70D50E35BB2}.Release|iPhoneSimulator.Build.0 = Release|Any CPU
		{30E46345-5E7F-4D84-A560-F70D50E35BB2}.Release|iPhoneSimulator.Deploy.0 = Release|Any CPU
	EndGlobalSection
	GlobalSection(SolutionProperties) = preSolution
		HideSolutionNode = FALSE
	EndGlobalSection
	GlobalSection(ExtensibilityGlobals) = postSolution
		SolutionGuid = {8CDD7452-69AA-4898-B9D0-A2E7475F824B}
	EndGlobalSection
EndGlobal
